// !$*UTF8*$!
{
	archiveVersion = 1;
	classes = {
	};
	objectVersion = 56;
	objects = {

/* Begin PBXBuildFile section */
		943877F128F4E3F50060A69F /* offersCard.swift in Sources */ = {isa = PBXBuildFile; fileRef = 943877F028F4E3F50060A69F /* offersCard.swift */; };
		94B4FBBF28F20172000C1B2C /* MinicooperAppApp.swift in Sources */ = {isa = PBXBuildFile; fileRef = 94B4FBBE28F20172000C1B2C /* MinicooperAppApp.swift */; };
		94B4FBC128F20172000C1B2C /* ContentView.swift in Sources */ = {isa = PBXBuildFile; fileRef = 94B4FBC028F20172000C1B2C /* ContentView.swift */; };
		94B4FBC328F20174000C1B2C /* Assets.xcassets in Resources */ = {isa = PBXBuildFile; fileRef = 94B4FBC228F20174000C1B2C /* Assets.xcassets */; };
		94B4FBC628F20174000C1B2C /* Preview Assets.xcassets in Resources */ = {isa = PBXBuildFile; fileRef = 94B4FBC528F20174000C1B2C /* Preview Assets.xcassets */; };
		94B4FBCD28F2023C000C1B2C /* kisspng-mini-cooper-mini-clubman-bmw-car-mini-5abc34b5efc4c5.7686655215222837019821.png in Resources */ = {isa = PBXBuildFile; fileRef = 94B4FBCC28F2023C000C1B2C /* kisspng-mini-cooper-mini-clubman-bmw-car-mini-5abc34b5efc4c5.7686655215222837019821.png */; };
		94B4FBD028F20516000C1B2C /* cardImage.swift in Sources */ = {isa = PBXBuildFile; fileRef = 94B4FBCF28F20516000C1B2C /* cardImage.swift */; };
		94B4FBD228F20E41000C1B2C /* searchButton.swift in Sources */ = {isa = PBXBuildFile; fileRef = 94B4FBD128F20E41000C1B2C /* searchButton.swift */; };
/* End PBXBuildFile section */

/* Begin PBXFileReference section */
		943877F028F4E3F50060A69F /* offersCard.swift */ = {isa = PBXFileReference; lastKnownFileType = sourcecode.swift; path = offersCard.swift; sourceTree = "<group>"; };
		94B4FBBB28F20172000C1B2C /* MinicooperApp.app */ = {isa = PBXFileReference; explicitFileType = wrapper.application; includeInIndex = 0; path = MinicooperApp.app; sourceTree = BUILT_PRODUCTS_DIR; };
		94B4FBBE28F20172000C1B2C /* MinicooperAppApp.swift */ = {isa = PBXFileReference; lastKnownFileType = sourcecode.swift; path = MinicooperAppApp.swift; sourceTree = "<group>"; };
		94B4FBC028F20172000C1B2C /* ContentView.swift */ = {isa = PBXFileReference; lastKnownFileType = sourcecode.swift; path = ContentView.swift; sourceTree = "<group>"; };
		94B4FBC228F20174000C1B2C /* Assets.xcassets */ = {isa = PBXFileReference; lastKnownFileType = folder.assetcatalog; path = Assets.xcassets; sourceTree = "<group>"; };
		94B4FBC528F20174000C1B2C /* Preview Assets.xcassets */ = {isa = PBXFileReference; lastKnownFileType = folder.assetcatalog; path = "Preview Assets.xcassets"; sourceTree = "<group>"; };
		94B4FBCC28F2023C000C1B2C /* kisspng-mini-cooper-mini-clubman-bmw-car-mini-5abc34b5efc4c5.7686655215222837019821.png */ = {isa = PBXFileReference; lastKnownFileType = image.png; path = "kisspng-mini-cooper-mini-clubman-bmw-car-mini-5abc34b5efc4c5.7686655215222837019821.png"; sourceTree = "<group>"; };
		94B4FBCF28F20516000C1B2C /* cardImage.swift */ = {isa = PBXFileReference; lastKnownFileType = sourcecode.swift; path = cardImage.swift; sourceTree = "<group>"; };
		94B4FBD128F20E41000C1B2C /* searchButton.swift */ = {isa = PBXFileReference; lastKnownFileType = sourcecode.swift; path = searchButton.swift; sourceTree = "<group>"; };
/* End PBXFileReference section */

/* Begin PBXFrameworksBuildPhase section */
		94B4FBB828F20172000C1B2C /* Frameworks */ = {
			isa = PBXFrameworksBuildPhase;
			buildActionMask = 2147483647;
			files = (
			);
			runOnlyForDeploymentPostprocessing = 0;
		};
/* End PBXFrameworksBuildPhase section */

/* Begin PBXGroup section */
		94B4FBB228F20172000C1B2C = {
			isa = PBXGroup;
			children = (
				94B4FBBD28F20172000C1B2C /* MinicooperApp */,
				94B4FBBC28F20172000C1B2C /* Products */,
			);
			sourceTree = "<group>";
		};
		94B4FBBC28F20172000C1B2C /* Products */ = {
			isa = PBXGroup;
			children = (
				94B4FBBB28F20172000C1B2C /* MinicooperApp.app */,
			);
			name = Products;
			sourceTree = "<group>";
		};
		94B4FBBD28F20172000C1B2C /* MinicooperApp */ = {
			isa = PBXGroup;
			children = (
				94B4FBCE28F20503000C1B2C /* components */,
				94B4FBBE28F20172000C1B2C /* MinicooperAppApp.swift */,
				94B4FBC028F20172000C1B2C /* ContentView.swift */,
				94B4FBC228F20174000C1B2C /* Assets.xcassets */,
				94B4FBCC28F2023C000C1B2C /* kisspng-mini-cooper-mini-clubman-bmw-car-mini-5abc34b5efc4c5.7686655215222837019821.png */,
				94B4FBC428F20174000C1B2C /* Preview Content */,
			);
			path = MinicooperApp;
			sourceTree = "<group>";
		};
		94B4FBC428F20174000C1B2C /* Preview Content */ = {
			isa = PBXGroup;
			children = (
				94B4FBC528F20174000C1B2C /* Preview Assets.xcassets */,
			);
			path = "Preview Content";
			sourceTree = "<group>";
		};
		94B4FBCE28F20503000C1B2C /* components */ = {
			isa = PBXGroup;
			children = (
				94B4FBCF28F20516000C1B2C /* cardImage.swift */,
				94B4FBD128F20E41000C1B2C /* searchButton.swift */,
				943877F028F4E3F50060A69F /* offersCard.swift */,
			);
			path = components;
			sourceTree = "<group>";
		};
/* End PBXGroup section */

/* Begin PBXNativeTarget section */
		94B4FBBA28F20172000C1B2C /* MinicooperApp */ = {
			isa = PBXNativeTarget;
			buildConfigurationList = 94B4FBC928F20174000C1B2C /* Build configuration list for PBXNativeTarget "MinicooperApp" */;
			buildPhases = (
				94B4FBB728F20172000C1B2C /* Sources */,
				94B4FBB828F20172000C1B2C /* Frameworks */,
				94B4FBB928F20172000C1B2C /* Resources */,
			);
			buildRules = (
			);
			dependencies = (
			);
			name = MinicooperApp;
			productName = MinicooperApp;
			productReference = 94B4FBBB28F20172000C1B2C /* MinicooperApp.app */;
			productType = "com.apple.product-type.application";
		};
/* End PBXNativeTarget section */

/* Begin PBXProject section */
		94B4FBB328F20172000C1B2C /* Project object */ = {
			isa = PBXProject;
			attributes = {
				BuildIndependentTargetsInParallel = 1;
				LastSwiftUpdateCheck = 1400;
				LastUpgradeCheck = 1400;
				TargetAttributes = {
					94B4FBBA28F20172000C1B2C = {
						CreatedOnToolsVersion = 14.0;
					};
				};
			};
			buildConfigurationList = 94B4FBB628F20172000C1B2C /* Build configuration list for PBXProject "MinicooperApp" */;
			compatibilityVersion = "Xcode 14.0";
			developmentRegion = en;
			hasScannedForEncodings = 0;
			knownRegions = (
				en,
				Base,
			);
			mainGroup = 94B4FBB228F20172000C1B2C;
			productRefGroup = 94B4FBBC28F20172000C1B2C /* Products */;
			projectDirPath = "";
			projectRoot = "";
			targets = (
				94B4FBBA28F20172000C1B2C /* MinicooperApp */,
			);
		};
/* End PBXProject section */

/* Begin PBXResourcesBuildPhase section */
		94B4FBB928F20172000C1B2C /* Resources */ = {
			isa = PBXResourcesBuildPhase;
			buildActionMask = 2147483647;
			files = (
				94B4FBC628F20174000C1B2C /* Preview Assets.xcassets in Resources */,
				94B4FBC328F20174000C1B2C /* Assets.xcassets in Resources */,
				94B4FBCD28F2023C000C1B2C /* kisspng-mini-cooper-mini-clubman-bmw-car-mini-5abc34b5efc4c5.7686655215222837019821.png in Resources */,
			);
			runOnlyForDeploymentPostprocessing = 0;
		};
/* End PBXResourcesBuildPhase section */

/* Begin PBXSourcesBuildPhase section */
		94B4FBB728F20172000C1B2C /* Sources */ = {
			isa = PBXSourcesBuildPhase;
			buildActionMask = 2147483647;
			files = (
				94B4FBD028F20516000C1B2C /* cardImage.swift in Sources */,
				94B4FBC128F20172000C1B2C /* ContentView.swift in Sources */,
				943877F128F4E3F50060A69F /* offersCard.swift in Sources */,
				94B4FBBF28F20172000C1B2C /* MinicooperAppApp.swift in Sources */,
				94B4FBD228F20E41000C1B2C /* searchButton.swift in Sources */,
			);
			runOnlyForDeploymentPostprocessing = 0;
		};
/* End PBXSourcesBuildPhase section */

/* Begin XCBuildConfiguration section */
		94B4FBC728F20174000C1B2C /* Debug */ = {
			isa = XCBuildConfiguration;
			buildSettings = {
				ALWAYS_SEARCH_USER_PATHS = NO;
				CLANG_ANALYZER_NONNULL = YES;
				CLANG_ANALYZER_NUMBER_OBJECT_CONVERSION = YES_AGGRESSIVE;
				CLANG_CXX_LANGUAGE_STANDARD = "gnu++20";
				CLANG_ENABLE_MODULES = YES;
				CLANG_ENABLE_OBJC_ARC = YES;
				CLANG_ENABLE_OBJC_WEAK = YES;
				CLANG_WARN_BLOCK_CAPTURE_AUTORELEASING = YES;
				CLANG_WARN_BOOL_CONVERSION = YES;
				CLANG_WARN_COMMA = YES;
				CLANG_WARN_CONSTANT_CONVERSION = YES;
				CLANG_WARN_DEPRECATED_OBJC_IMPLEMENTATIONS = YES;
				CLANG_WARN_DIRECT_OBJC_ISA_USAGE = YES_ERROR;
				CLANG_WARN_DOCUMENTATION_COMMENTS = YES;
				CLANG_WARN_EMPTY_BODY = YES;
				CLANG_WARN_ENUM_CONVERSION = YES;
				CLANG_WARN_INFINITE_RECURSION = YES;
				CLANG_WARN_INT_CONVERSION = YES;
				CLANG_WARN_NON_LITERAL_NULL_CONVERSION = YES;
				CLANG_WARN_OBJC_IMPLICIT_RETAIN_SELF = YES;
				CLANG_WARN_OBJC_LITERAL_CONVERSION = YES;
				CLANG_WARN_OBJC_ROOT_CLASS = YES_ERROR;
				CLANG_WARN_QUOTED_INCLUDE_IN_FRAMEWORK_HEADER = YES;
				CLANG_WARN_RANGE_LOOP_ANALYSIS = YES;
				CLANG_WARN_STRICT_PROTOTYPES = YES;
				CLANG_WARN_SUSPICIOUS_MOVE = YES;
				CLANG_WARN_UNGUARDED_AVAILABILITY = YES_AGGRESSIVE;
				CLANG_WARN_UNREACHABLE_CODE = YES;
				CLANG_WARN__DUPLICATE_METHOD_MATCH = YES;
				COPY_PHASE_STRIP = NO;
				DEBUG_INFORMATION_FORMAT = dwarf;
				ENABLE_STRICT_OBJC_MSGSEND = YES;
				ENABLE_TESTABILITY = YES;
				GCC_C_LANGUAGE_STANDARD = gnu11;
				GCC_DYNAMIC_NO_PIC = NO;
				GCC_NO_COMMON_BLOCKS = YES;
				GCC_OPTIMIZATION_LEVEL = 0;
				GCC_PREPROCESSOR_DEFINITIONS = (
					"DEBUG=1",
					"$(inherited)",
				);
				GCC_WARN_64_TO_32_BIT_CONVERSION = YES;
				GCC_WARN_ABOUT_RETURN_TYPE = YES_ERROR;
				GCC_WARN_UNDECLARED_SELECTOR = YES;
				GCC_WARN_UNINITIALIZED_AUTOS = YES_AGGRESSIVE;
				GCC_WARN_UNUSED_FUNCTION = YES;
				GCC_WARN_UNUSED_VARIABLE = YES;
				IPHONEOS_DEPLOYMENT_TARGET = 16.0;
				MTL_ENABLE_DEBUG_INFO = INCLUDE_SOURCE;
				MTL_FAST_MATH = YES;
				ONLY_ACTIVE_ARCH = YES;
				SDKROOT = iphoneos;
				SWIFT_ACTIVE_COMPILATION_CONDITIONS = DEBUG;
				SWIFT_OPTIMIZATION_LEVEL = "-Onone";
			};
			name = Debug;
		};
		94B4FBC828F20174000C1B2C /* Release */ = {
			isa = XCBuildConfiguration;
			buildSettings = {
				ALWAYS_SEARCH_USER_PATHS = NO;
				CLANG_ANALYZER_NONNULL = YES;
				CLANG_ANALYZER_NUMBER_OBJECT_CONVERSION = YES_AGGRESSIVE;
				CLANG_CXX_LANGUAGE_STANDARD = "gnu++20";
				CLANG_ENABLE_MODULES = YES;
				CLANG_ENABLE_OBJC_ARC = YES;
				CLANG_ENABLE_OBJC_WEAK = YES;
				CLANG_WARN_BLOCK_CAPTURE_AUTORELEASING = YES;
				CLANG_WARN_BOOL_CONVERSION = YES;
				CLANG_WARN_COMMA = YES;
				CLANG_WARN_CONSTANT_CONVERSION = YES;
				CLANG_WARN_DEPRECATED_OBJC_IMPLEMENTATIONS = YES;
				CLANG_WARN_DIRECT_OBJC_ISA_USAGE = YES_ERROR;
				CLANG_WARN_DOCUMENTATION_COMMENTS = YES;
				CLANG_WARN_EMPTY_BODY = YES;
				CLANG_WARN_ENUM_CONVERSION = YES;
				CLANG_WARN_INFINITE_RECURSION = YES;
				CLANG_WARN_INT_CONVERSION = YES;
				CLANG_WARN_NON_LITERAL_NULL_CONVERSION = YES;
				CLANG_WARN_OBJC_IMPLICIT_RETAIN_SELF = YES;
				CLANG_WARN_OBJC_LITERAL_CONVERSION = YES;
				CLANG_WARN_OBJC_ROOT_CLASS = YES_ERROR;
				CLANG_WARN_QUOTED_INCLUDE_IN_FRAMEWORK_HEADER = YES;
				CLANG_WARN_RANGE_LOOP_ANALYSIS = YES;
				CLANG_WARN_STRICT_PROTOTYPES = YES;
				CLANG_WARN_SUSPICIOUS_MOVE = YES;
				CLANG_WARN_UNGUARDED_AVAILABILITY = YES_AGGRESSIVE;
				CLANG_WARN_UNREACHABLE_CODE = YES;
				CLANG_WARN__DUPLICATE_METHOD_MATCH = YES;
				COPY_PHASE_STRIP = NO;
				DEBUG_INFORMATION_FORMAT = "dwarf-with-dsym";
				ENABLE_NS_ASSERTIONS = NO;
				ENABLE_STRICT_OBJC_MSGSEND = YES;
				GCC_C_LANGUAGE_STANDARD = gnu11;
				GCC_NO_COMMON_BLOCKS = YES;
				GCC_WARN_64_TO_32_BIT_CONVERSION = YES;
				GCC_WARN_ABOUT_RETURN_TYPE = YES_ERROR;
				GCC_WARN_UNDECLARED_SELECTOR = YES;
				GCC_WARN_UNINITIALIZED_AUTOS = YES_AGGRESSIVE;
				GCC_WARN_UNUSED_FUNCTION = YES;
				GCC_WARN_UNUSED_VARIABLE = YES;
				IPHONEOS_DEPLOYMENT_TARGET = 16.0;
				MTL_ENABLE_DEBUG_INFO = NO;
				MTL_FAST_MATH = YES;
				SDKROOT = iphoneos;
				SWIFT_COMPILATION_MODE = wholemodule;
				SWIFT_OPTIMIZATION_LEVEL = "-O";
				VALIDATE_PRODUCT = YES;
			};
			name = Release;
		};
		94B4FBCA28F20174000C1B2C /* Debug */ = {
			isa = XCBuildConfiguration;
			buildSettings = {
				ASSETCATALOG_COMPILER_APPICON_NAME = AppIcon;
				ASSETCATALOG_COMPILER_GLOBAL_ACCENT_COLOR_NAME = AccentColor;
				CODE_SIGN_STYLE = Automatic;
				CURRENT_PROJECT_VERSION = 1;
				DEVELOPMENT_ASSET_PATHS = "\"MinicooperApp/Preview Content\"";
				ENABLE_PREVIEWS = YES;
				GENERATE_INFOPLIST_FILE = YES;
				INFOPLIST_KEY_UIApplicationSceneManifest_Generation = YES;
				INFOPLIST_KEY_UIApplicationSupportsIndirectInputEvents = YES;
				INFOPLIST_KEY_UILaunchScreen_Generation = YES;
				INFOPLIST_KEY_UISupportedInterfaceOrientations_iPad = "UIInterfaceOrientationPortrait UIInterfaceOrientationPortraitUpsideDown UIInterfaceOrientationLandscapeLeft UIInterfaceOrientationLandscapeRight";
				INFOPLIST_KEY_UISupportedInterfaceOrientations_iPhone = "UIInterfaceOrientationPortrait UIInterfaceOrientationLandscapeLeft UIInterfaceOrientationLandscapeRight";
				LD_RUNPATH_SEARCH_PATHS = (
					"$(inherited)",
					"@executable_path/Frameworks",
				);
				MARKETING_VERSION = 1.0;
				PRODUCT_BUNDLE_IDENTIFIER = com.lucasnewlands.MinicooperApp;
				PRODUCT_NAME = "$(TARGET_NAME)";
				SWIFT_EMIT_LOC_STRINGS = YES;
				SWIFT_VERSION = 5.0;
				TARGETED_DEVICE_FAMILY = "1,2";
			};
			name = Debug;
		};
		94B4FBCB28F20174000C1B2C /* Release */ = {
			isa = XCBuildConfiguration;
			buildSettings = {
				ASSETCATALOG_COMPILER_APPICON_NAME = AppIcon;
				ASSETCATALOG_COMPILER_GLOBAL_ACCENT_COLOR_NAME = AccentColor;
				CODE_SIGN_STYLE = Automatic;
				CURRENT_PROJECT_VERSION = 1;
				DEVELOPMENT_ASSET_PATHS = "\"MinicooperApp/Preview Content\"";
				ENABLE_PREVIEWS = YES;
				GENERATE_INFOPLIST_FILE = YES;
				INFOPLIST_KEY_UIApplicationSceneManifest_Generation = YES;
				INFOPLIST_KEY_UIApplicationSupportsIndirectInputEvents = YES;
				INFOPLIST_KEY_UILaunchScreen_Generation = YES;
				INFOPLIST_KEY_UISupportedInterfaceOrientations_iPad = "UIInterfaceOrientationPortrait UIInterfaceOrientationPortraitUpsideDown UIInterfaceOrientationLandscapeLeft UIInterfaceOrientationLandscapeRight";
				INFOPLIST_KEY_UISupportedInterfaceOrientations_iPhone = "UIInterfaceOrientationPortrait UIInterfaceOrientationLandscapeLeft UIInterfaceOrientationLandscapeRight";
				LD_RUNPATH_SEARCH_PATHS = (
					"$(inherited)",
					"@executable_path/Frameworks",
				);
				MARKETING_VERSION = 1.0;
				PRODUCT_BUNDLE_IDENTIFIER = com.lucasnewlands.MinicooperApp;
				PRODUCT_NAME = "$(TARGET_NAME)";
				SWIFT_EMIT_LOC_STRINGS = YES;
				SWIFT_VERSION = 5.0;
				TARGETED_DEVICE_FAMILY = "1,2";
			};
			name = Release;
		};
/* End XCBuildConfiguration section */

/* Begin XCConfigurationList section */
		94B4FBB628F20172000C1B2C /* Build configuration list for PBXProject "MinicooperApp" */ = {
			isa = XCConfigurationList;
			buildConfigurations = (
				94B4FBC728F20174000C1B2C /* Debug */,
				94B4FBC828F20174000C1B2C /* Release */,
			);
			defaultConfigurationIsVisible = 0;
			defaultConfigurationName = Release;
		};
		94B4FBC928F20174000C1B2C /* Build configuration list for PBXNativeTarget "MinicooperApp" */ = {
			isa = XCConfigurationList;
			buildConfigurations = (
				94B4FBCA28F20174000C1B2C /* Debug */,
				94B4FBCB28F20174000C1B2C /* Release */,
			);
			defaultConfigurationIsVisible = 0;
			defaultConfigurationName = Release;
		};
/* End XCConfigurationList section */
	};
	rootObject = 94B4FBB328F20172000C1B2C /* Project object */;
}
